
Microsoft Visual Studio Solution File, Format Version 12.00
# Visual Studio Version 17
VisualStudioVersion = 17.1.32328.378
MinimumVisualStudioVersion = 10.0.40219.1
Project("{FAE04EC0-301F-11D3-BF4B-00C04F79EFBC}") = "PL", "PL\PL.csproj", "{FA47F694-CCE0-4F0A-91B9-E2DD8DD4A2FA}"
EndProject
Project("{FAE04EC0-301F-11D3-BF4B-00C04F79EFBC}") = "BL", "BL\BL.csproj", "{3F916F62-A0C5-41D1-9265-1184F9F0DDD1}"
EndProject
Project("{FAE04EC0-301F-11D3-BF4B-00C04F79EFBC}") = "ML", "ML\ML.csproj", "{EA7D92D5-BF5D-46B5-BAD0-8E73B6EE6AAA}"
EndProject
Project("{FAE04EC0-301F-11D3-BF4B-00C04F79EFBC}") = "DL", "DL\DL.csproj", "{E51758A0-A1BB-46F6-96E6-F71DDD675429}"
EndProject
Global
	GlobalSection(SolutionConfigurationPlatforms) = preSolution
		Debug|Any CPU = Debug|Any CPU
		Release|Any CPU = Release|Any CPU
	EndGlobalSection
	GlobalSection(ProjectConfigurationPlatforms) = postSolution
		{FA47F694-CCE0-4F0A-91B9-E2DD8DD4A2FA}.Debug|Any CPU.ActiveCfg = Debug|Any CPU
		{FA47F694-CCE0-4F0A-91B9-E2DD8DD4A2FA}.Debug|Any CPU.Build.0 = Debug|Any CPU
		{FA47F694-CCE0-4F0A-91B9-E2DD8DD4A2FA}.Release|Any CPU.ActiveCfg = Release|Any CPU
		{FA47F694-CCE0-4F0A-91B9-E2DD8DD4A2FA}.Release|Any CPU.Build.0 = Release|Any CPU
		{3F916F62-A0C5-41D1-9265-1184F9F0DDD1}.Debug|Any CPU.ActiveCfg = Debug|Any CPU
		{3F916F62-A0C5-41D1-9265-1184F9F0DDD1}.Debug|Any CPU.Build.0 = Debug|Any CPU
		{3F916F62-A0C5-41D1-9265-1184F9F0DDD1}.Release|Any CPU.ActiveCfg = Release|Any CPU
		{3F916F62-A0C5-41D1-9265-1184F9F0DDD1}.Release|Any CPU.Build.0 = Release|Any CPU
		{EA7D92D5-BF5D-46B5-BAD0-8E73B6EE6AAA}.Debug|Any CPU.ActiveCfg = Debug|Any CPU
		{EA7D92D5-BF5D-46B5-BAD0-8E73B6EE6AAA}.Debug|Any CPU.Build.0 = Debug|Any CPU
		{EA7D92D5-BF5D-46B5-BAD0-8E73B6EE6AAA}.Release|Any CPU.ActiveCfg = Release|Any CPU
		{EA7D92D5-BF5D-46B5-BAD0-8E73B6EE6AAA}.Release|Any CPU.Build.0 = Release|Any CPU
		{E51758A0-A1BB-46F6-96E6-F71DDD675429}.Debug|Any CPU.ActiveCfg = Debug|Any CPU
		{E51758A0-A1BB-46F6-96E6-F71DDD675429}.Debug|Any CPU.Build.0 = Debug|Any CPU
		{E51758A0-A1BB-46F6-96E6-F71DDD675429}.Release|Any CPU.ActiveCfg = Release|Any CPU
		{E51758A0-A1BB-46F6-96E6-F71DDD675429}.Release|Any CPU.Build.0 = Release|Any CPU
	EndGlobalSection
	GlobalSection(SolutionProperties) = preSolution
		HideSolutionNode = FALSE
	EndGlobalSection
	GlobalSection(ExtensibilityGlobals) = postSolution
		SolutionGuid = {4D2DEE31-2E98-4259-A636-00D9A8DF9709}
	EndGlobalSection
EndGlobal
